
Microsoft Visual Studio Solution File, Format Version 12.00
# Visual Studio Version 17
VisualStudioVersion = 17.0.32126.317
MinimumVisualStudioVersion = 10.0.40219.1
Project("{2150E333-8FDC-42A3-9474-1A3956D46DE8}") = "Core", "Core", "{2D9D799C-A8A9-4B2B-83BB-75FA9550E386}"
EndProject
Project("{9A19103F-16F7-4668-BE54-9A1E7A4F7556}") = "ETradeAPI.Domain", "Core\ETradeAPI.Domain\ETradeAPI.Domain.csproj", "{C073B784-E954-49B2-AFC3-C1D522EE4A38}"
EndProject
Project("{9A19103F-16F7-4668-BE54-9A1E7A4F7556}") = "ETradeAPI.Application", "Core\ETradeAPI.Application\ETradeAPI.Application.csproj", "{910EC012-1E45-4771-A17C-72051B565D3D}"
EndProject
Project("{2150E333-8FDC-42A3-9474-1A3956D46DE8}") = "Infrastructure", "Infrastructure", "{834E2274-09DF-425D-95E9-E979AA50C40C}"
EndProject
Project("{9A19103F-16F7-4668-BE54-9A1E7A4F7556}") = "ETradeAPI.Infrastructure", "Infrastructure\ETradeAPI.Infrastructure\ETradeAPI.Infrastructure.csproj", "{28D4FB22-BF6E-4377-A777-4267B600DB80}"
EndProject
Project("{9A19103F-16F7-4668-BE54-9A1E7A4F7556}") = "ETradeAPI.Persistance", "Infrastructure\ETradeAPI.Persistance\ETradeAPI.Persistance.csproj", "{9F398036-07CA-4C8A-87C2-3DA8F00051B3}"
EndProject
Project("{2150E333-8FDC-42A3-9474-1A3956D46DE8}") = "Presentation", "Presentation", "{8BB871E2-6641-451D-9D86-52C3A31F978D}"
EndProject
Project("{9A19103F-16F7-4668-BE54-9A1E7A4F7556}") = "ETradeAPI.API", "Presentation\ETradeAPI.API\ETradeAPI.API.csproj", "{71D859AD-6F18-4506-86C8-5317BF4E8C53}"
EndProject
Project("{2150E333-8FDC-42A3-9474-1A3956D46DE8}") = "Common", "Common", "{418D0BE5-2160-4E27-8058-A4C36F421623}"
EndProject
Project("{9A19103F-16F7-4668-BE54-9A1E7A4F7556}") = "ETradeAPI.Common", "ETradeAPI.Common\ETradeAPI.Common.csproj", "{35C3AADC-CA8C-4DE6-9E25-1F338460E740}"
EndProject
Project("{FAE04EC0-301F-11D3-BF4B-00C04F79EFBC}") = "Common.Application", "Common.Application\Common.Application.csproj", "{F8FA4F1B-DEAA-4164-86C1-EF3BA8212173}"
EndProject
Project("{FAE04EC0-301F-11D3-BF4B-00C04F79EFBC}") = "Common.Persistance", "Common.Persistance\Common.Persistance.csproj", "{3908E3A9-B975-4ABB-8E92-1AD87F6BAE6E}"
EndProject
Project("{FAE04EC0-301F-11D3-BF4B-00C04F79EFBC}") = "Common.Mailing", "Common.Mailing\Common.Mailing.csproj", "{641CA321-54C5-4712-9C2C-06FBC4B7B139}"
EndProject
Project("{FAE04EC0-301F-11D3-BF4B-00C04F79EFBC}") = "Common.CrossCuttingConcerns", "Common.CrossCuttingConcerns\Common.CrossCuttingConcerns.csproj", "{C900A004-94BC-4698-9AE6-44AF9F794446}"
EndProject
Project("{FAE04EC0-301F-11D3-BF4B-00C04F79EFBC}") = "Common.Security", "Common.Security\Common.Security.csproj", "{6C646B7C-F6AE-4E1E-8885-3F71F568202E}"
EndProject
Global
	GlobalSection(SolutionConfigurationPlatforms) = preSolution
		Debug|Any CPU = Debug|Any CPU
		Release|Any CPU = Release|Any CPU
	EndGlobalSection
	GlobalSection(ProjectConfigurationPlatforms) = postSolution
		{C073B784-E954-49B2-AFC3-C1D522EE4A38}.Debug|Any CPU.ActiveCfg = Debug|Any CPU
		{C073B784-E954-49B2-AFC3-C1D522EE4A38}.Debug|Any CPU.Build.0 = Debug|Any CPU
		{C073B784-E954-49B2-AFC3-C1D522EE4A38}.Release|Any CPU.ActiveCfg = Release|Any CPU
		{C073B784-E954-49B2-AFC3-C1D522EE4A38}.Release|Any CPU.Build.0 = Release|Any CPU
		{910EC012-1E45-4771-A17C-72051B565D3D}.Debug|Any CPU.ActiveCfg = Debug|Any CPU
		{910EC012-1E45-4771-A17C-72051B565D3D}.Debug|Any CPU.Build.0 = Debug|Any CPU
		{910EC012-1E45-4771-A17C-72051B565D3D}.Release|Any CPU.ActiveCfg = Release|Any CPU
		{910EC012-1E45-4771-A17C-72051B565D3D}.Release|Any CPU.Build.0 = Release|Any CPU
		{28D4FB22-BF6E-4377-A777-4267B600DB80}.Debug|Any CPU.ActiveCfg = Debug|Any CPU
		{28D4FB22-BF6E-4377-A777-4267B600DB80}.Debug|Any CPU.Build.0 = Debug|Any CPU
		{28D4FB22-BF6E-4377-A777-4267B600DB80}.Release|Any CPU.ActiveCfg = Release|Any CPU
		{28D4FB22-BF6E-4377-A777-4267B600DB80}.Release|Any CPU.Build.0 = Release|Any CPU
		{9F398036-07CA-4C8A-87C2-3DA8F00051B3}.Debug|Any CPU.ActiveCfg = Debug|Any CPU
		{9F398036-07CA-4C8A-87C2-3DA8F00051B3}.Debug|Any CPU.Build.0 = Debug|Any CPU
		{9F398036-07CA-4C8A-87C2-3DA8F00051B3}.Release|Any CPU.ActiveCfg = Release|Any CPU
		{9F398036-07CA-4C8A-87C2-3DA8F00051B3}.Release|Any CPU.Build.0 = Release|Any CPU
		{71D859AD-6F18-4506-86C8-5317BF4E8C53}.Debug|Any CPU.ActiveCfg = Debug|Any CPU
		{71D859AD-6F18-4506-86C8-5317BF4E8C53}.Debug|Any CPU.Build.0 = Debug|Any CPU
		{71D859AD-6F18-4506-86C8-5317BF4E8C53}.Release|Any CPU.ActiveCfg = Release|Any CPU
		{71D859AD-6F18-4506-86C8-5317BF4E8C53}.Release|Any CPU.Build.0 = Release|Any CPU
		{35C3AADC-CA8C-4DE6-9E25-1F338460E740}.Debug|Any CPU.ActiveCfg = Debug|Any CPU
		{35C3AADC-CA8C-4DE6-9E25-1F338460E740}.Debug|Any CPU.Build.0 = Debug|Any CPU
		{35C3AADC-CA8C-4DE6-9E25-1F338460E740}.Release|Any CPU.ActiveCfg = Release|Any CPU
		{35C3AADC-CA8C-4DE6-9E25-1F338460E740}.Release|Any CPU.Build.0 = Release|Any CPU
		{F8FA4F1B-DEAA-4164-86C1-EF3BA8212173}.Debug|Any CPU.ActiveCfg = Debug|Any CPU
		{F8FA4F1B-DEAA-4164-86C1-EF3BA8212173}.Debug|Any CPU.Build.0 = Debug|Any CPU
		{F8FA4F1B-DEAA-4164-86C1-EF3BA8212173}.Release|Any CPU.ActiveCfg = Release|Any CPU
		{F8FA4F1B-DEAA-4164-86C1-EF3BA8212173}.Release|Any CPU.Build.0 = Release|Any CPU
		{3908E3A9-B975-4ABB-8E92-1AD87F6BAE6E}.Debug|Any CPU.ActiveCfg = Debug|Any CPU
		{3908E3A9-B975-4ABB-8E92-1AD87F6BAE6E}.Debug|Any CPU.Build.0 = Debug|Any CPU
		{3908E3A9-B975-4ABB-8E92-1AD87F6BAE6E}.Release|Any CPU.ActiveCfg = Release|Any CPU
		{3908E3A9-B975-4ABB-8E92-1AD87F6BAE6E}.Release|Any CPU.Build.0 = Release|Any CPU
		{641CA321-54C5-4712-9C2C-06FBC4B7B139}.Debug|Any CPU.ActiveCfg = Debug|Any CPU
		{641CA321-54C5-4712-9C2C-06FBC4B7B139}.Debug|Any CPU.Build.0 = Debug|Any CPU
		{641CA321-54C5-4712-9C2C-06FBC4B7B139}.Release|Any CPU.ActiveCfg = Release|Any CPU
		{641CA321-54C5-4712-9C2C-06FBC4B7B139}.Release|Any CPU.Build.0 = Release|Any CPU
		{C900A004-94BC-4698-9AE6-44AF9F794446}.Debug|Any CPU.ActiveCfg = Debug|Any CPU
		{C900A004-94BC-4698-9AE6-44AF9F794446}.Debug|Any CPU.Build.0 = Debug|Any CPU
		{C900A004-94BC-4698-9AE6-44AF9F794446}.Release|Any CPU.ActiveCfg = Release|Any CPU
		{C900A004-94BC-4698-9AE6-44AF9F794446}.Release|Any CPU.Build.0 = Release|Any CPU
		{6C646B7C-F6AE-4E1E-8885-3F71F568202E}.Debug|Any CPU.ActiveCfg = Debug|Any CPU
		{6C646B7C-F6AE-4E1E-8885-3F71F568202E}.Debug|Any CPU.Build.0 = Debug|Any CPU
		{6C646B7C-F6AE-4E1E-8885-3F71F568202E}.Release|Any CPU.ActiveCfg = Release|Any CPU
		{6C646B7C-F6AE-4E1E-8885-3F71F568202E}.Release|Any CPU.Build.0 = Release|Any CPU
	EndGlobalSection
	GlobalSection(SolutionProperties) = preSolution
		HideSolutionNode = FALSE
	EndGlobalSection
	GlobalSection(NestedProjects) = preSolution
		{C073B784-E954-49B2-AFC3-C1D522EE4A38} = {2D9D799C-A8A9-4B2B-83BB-75FA9550E386}
		{910EC012-1E45-4771-A17C-72051B565D3D} = {2D9D799C-A8A9-4B2B-83BB-75FA9550E386}
		{28D4FB22-BF6E-4377-A777-4267B600DB80} = {834E2274-09DF-425D-95E9-E979AA50C40C}
		{9F398036-07CA-4C8A-87C2-3DA8F00051B3} = {834E2274-09DF-425D-95E9-E979AA50C40C}
		{71D859AD-6F18-4506-86C8-5317BF4E8C53} = {8BB871E2-6641-451D-9D86-52C3A31F978D}
		{35C3AADC-CA8C-4DE6-9E25-1F338460E740} = {418D0BE5-2160-4E27-8058-A4C36F421623}
		{F8FA4F1B-DEAA-4164-86C1-EF3BA8212173} = {418D0BE5-2160-4E27-8058-A4C36F421623}
		{3908E3A9-B975-4ABB-8E92-1AD87F6BAE6E} = {418D0BE5-2160-4E27-8058-A4C36F421623}
		{641CA321-54C5-4712-9C2C-06FBC4B7B139} = {418D0BE5-2160-4E27-8058-A4C36F421623}
		{C900A004-94BC-4698-9AE6-44AF9F794446} = {418D0BE5-2160-4E27-8058-A4C36F421623}
		{6C646B7C-F6AE-4E1E-8885-3F71F568202E} = {418D0BE5-2160-4E27-8058-A4C36F421623}
	EndGlobalSection
	GlobalSection(ExtensibilityGlobals) = postSolution
		SolutionGuid = {F72E95D3-2793-4697-8DE7-1ECD710E625A}
	EndGlobalSection
EndGlobal
